{
  "version": 4,
  "terraform_version": "1.1.3",
  "serial": 1234,
  "lineage": "e603aaec-a131-58d1-36e5-86a631c0eaea",
  "outputs": {},
  "resources": [
    {
      "mode": "managed",
      "type": "azurerm_lb",
      "name": "load_balancer",
      "provider": "provider[\"registry.terraform.io/hashicorp/azurerm\"]",
      "instances": [
        {
          "schema_version": 0,
          "attributes": {
            "frontend_ip_configuration": [
              {
                "availability_zone": "No-Zone",
                "gateway_load_balancer_frontend_ip_configuration_id": "",
                "id": "/subscriptions/6695c113-e2f9-4d17-af9f-fa1d82b6a0be/resourceGroups/CTC_Resource_Group/providers/Microsoft.Network/loadBalancers/CTC_LoadBalancer/frontendIPConfigurations/alb_ip_config",
                "inbound_nat_rules": [
                  "/subscriptions/6695c113-e2f9-4d17-af9f-fa1d82b6a0be/resourceGroups/CTC_Resource_Group/providers/Microsoft.Network/loadBalancers/CTC_LoadBalancer/inboundNatRules/VM_Subnet_Three_Connect"
                ],
                "load_balancer_rules": [],
                "name": "alb_ip_config",
                "outbound_rules": [],
                "private_ip_address": "",
                "private_ip_address_allocation": "Dynamic",
                "private_ip_address_version": "",
                "public_ip_address_id": "/subscriptions/6695c113-e2f9-4d17-af9f-fa1d82b6a0be/resourceGroups/CTC_Resource_Group/providers/Microsoft.Network/publicIPAddresses/alb_public_ip",
                "public_ip_prefix_id": "",
                "subnet_id": "",
                "zones": []
              }
            ],
            "id": "/subscriptions/6695c113-e2f9-4d17-af9f-fa1d82b6a0be/resourceGroups/CTC_Resource_Group/providers/Microsoft.Network/loadBalancers/CTC_LoadBalancer",
            "location": "eastus",
            "name": "CTC_LoadBalancer",
            "private_ip_address": "",
            "private_ip_addresses": [],
            "resource_group_name": "CTC_Resource_Group",
            "sku": "Basic",
            "sku_tier": "Regional",
            "tags": {},
            "timeouts": null
          },
          "sensitive_attributes": [],
          "private": "eyJlMmJmYjczMC1lY2FhLTExZTYtOGY4OC0zNDM2M2JjN2M0YzAiOnsiY3JlYXRlIjoxODAwMDAwMDAwMDAwLCJkZWxldGUiOjE4MDAwMDAwMDAwMDAsInJlYWQiOjMwMDAwMDAwMDAwMCwidXBkYXRlIjoxODAwMDAwMDAwMDAwfX0=",
          "dependencies": [
            "azurerm_public_ip.public_ip",
            "azurerm_resource_group.resource_group"
          ]
        }
      ]
    },
    {
      "mode": "managed",
      "type": "azurerm_lb_backend_address_pool",
      "name": "backend_address_pool",
      "provider": "provider[\"registry.terraform.io/hashicorp/azurerm\"]",
      "instances": [
        {
          "schema_version": 0,
          "attributes": {
            "backend_address": [],
            "backend_ip_configurations": [],
            "id": "/subscriptions/6695c113-e2f9-4d17-af9f-fa1d82b6a0be/resourceGroups/CTC_Resource_Group/providers/Microsoft.Network/loadBalancers/CTC_LoadBalancer/backendAddressPools/Backend_Address_Pool_ALB",
            "load_balancing_rules": [],
            "loadbalancer_id": "/subscriptions/6695c113-e2f9-4d17-af9f-fa1d82b6a0be/resourceGroups/CTC_Resource_Group/providers/Microsoft.Network/loadBalancers/CTC_LoadBalancer",
            "name": "Backend_Address_Pool_ALB",
            "outbound_rules": [],
            "resource_group_name": "CTC_Resource_Group",
            "timeouts": null,
            "tunnel_interface": []
          },
          "sensitive_attributes": [],
          "private": "eyJlMmJmYjczMC1lY2FhLTExZTYtOGY4OC0zNDM2M2JjN2M0YzAiOnsiY3JlYXRlIjoxODAwMDAwMDAwMDAwLCJkZWxldGUiOjE4MDAwMDAwMDAwMDAsInJlYWQiOjMwMDAwMDAwMDAwMCwidXBkYXRlIjoxODAwMDAwMDAwMDAwfX0=",
          "dependencies": [
            "azurerm_public_ip.public_ip",
            "azurerm_resource_group.resource_group",
            "azurerm_lb.load_balancer"
          ]
        }
      ]
    },
    {
      "mode": "managed",
      "type": "azurerm_lb_nat_rule",
      "name": "nat_rule",
      "provider": "provider[\"registry.terraform.io/hashicorp/azurerm\"]",
      "instances": [
        {
          "schema_version": 0,
          "attributes": {
            "backend_ip_configuration_id": "/subscriptions/6695c113-e2f9-4d17-af9f-fa1d82b6a0be/resourceGroups/CTC_Resource_Group/providers/Microsoft.Network/networkInterfaces/CTC_Network_Interface_VM_Three/ipConfigurations/Network_Interface_Subnet3",
            "backend_port": 22,
            "enable_floating_ip": false,
            "enable_tcp_reset": false,
            "frontend_ip_configuration_id": "/subscriptions/6695c113-e2f9-4d17-af9f-fa1d82b6a0be/resourceGroups/CTC_Resource_Group/providers/Microsoft.Network/loadBalancers/CTC_LoadBalancer/frontendIPConfigurations/alb_ip_config",
            "frontend_ip_configuration_name": "alb_ip_config",
            "frontend_port": 80,
            "id": "/subscriptions/6695c113-e2f9-4d17-af9f-fa1d82b6a0be/resourceGroups/CTC_Resource_Group/providers/Microsoft.Network/loadBalancers/CTC_LoadBalancer/inboundNatRules/VM_Subnet_Three_Connect",
            "idle_timeout_in_minutes": 4,
            "loadbalancer_id": "/subscriptions/6695c113-e2f9-4d17-af9f-fa1d82b6a0be/resourceGroups/CTC_Resource_Group/providers/Microsoft.Network/loadBalancers/CTC_LoadBalancer",
            "name": "VM_Subnet_Three_Connect",
            "protocol": "Tcp",
            "resource_group_name": "CTC_Resource_Group",
            "timeouts": null
          },
          "sensitive_attributes": [],
          "private": "eyJlMmJmYjczMC1lY2FhLTExZTYtOGY4OC0zNDM2M2JjN2M0YzAiOnsiY3JlYXRlIjoxODAwMDAwMDAwMDAwLCJkZWxldGUiOjE4MDAwMDAwMDAwMDAsInJlYWQiOjMwMDAwMDAwMDAwMCwidXBkYXRlIjoxODAwMDAwMDAwMDAwfX0=",
          "dependencies": [
            "azurerm_lb.load_balancer",
            "azurerm_resource_group.resource_group"
          ]
        }
      ]
    },
    {
      "mode": "managed",
      "type": "azurerm_public_ip",
      "name": "public_ip",
      "provider": "provider[\"registry.terraform.io/hashicorp/azurerm\"]",
      "instances": [
        {
          "schema_version": 0,
          "attributes": {
            "allocation_method": "Dynamic",
            "availability_zone": "No-Zone",
            "domain_name_label": null,
            "fqdn": null,
            "id": "/subscriptions/6695c113-e2f9-4d17-af9f-fa1d82b6a0be/resourceGroups/CTC_Resource_Group/providers/Microsoft.Network/publicIPAddresses/alb_public_ip",
            "idle_timeout_in_minutes": 4,
            "ip_address": "20.124.227.194",
            "ip_tags": {},
            "ip_version": "IPv4",
            "location": "eastus",
            "name": "alb_public_ip",
            "public_ip_prefix_id": null,
            "resource_group_name": "CTC_Resource_Group",
            "reverse_fqdn": null,
            "sku": "Basic",
            "sku_tier": "Regional",
            "tags": {},
            "timeouts": null,
            "zones": []
          },
          "sensitive_attributes": [],
          "private": "eyJlMmJmYjczMC1lY2FhLTExZTYtOGY4OC0zNDM2M2JjN2M0YzAiOnsiY3JlYXRlIjoxODAwMDAwMDAwMDAwLCJkZWxldGUiOjE4MDAwMDAwMDAwMDAsInJlYWQiOjMwMDAwMDAwMDAwMCwidXBkYXRlIjoxODAwMDAwMDAwMDAwfX0=",
          "dependencies": [
            "azurerm_resource_group.resource_group"
          ]
        }
      ]
    },
    {
      "mode": "managed",
      "type": "azurerm_resource_group",
      "name": "resource_group",
      "provider": "provider[\"registry.terraform.io/hashicorp/azurerm\"]",
      "instances": [
        {
          "schema_version": 0,
          "attributes": {
            "id": "/subscriptions/6695c113-e2f9-4d17-af9f-fa1d82b6a0be/resourceGroups/CTC_Resource_Group",
            "location": "eastus",
            "name": "CTC_Resource_Group",
            "tags": {},
            "timeouts": null
          },
          "sensitive_attributes": [],
          "private": "eyJlMmJmYjczMC1lY2FhLTExZTYtOGY4OC0zNDM2M2JjN2M0YzAiOnsiY3JlYXRlIjo1NDAwMDAwMDAwMDAwLCJkZWxldGUiOjU0MDAwMDAwMDAwMDAsInJlYWQiOjMwMDAwMDAwMDAwMCwidXBkYXRlIjo1NDAwMDAwMDAwMDAwfX0="
        }
      ]
    },
    {
      "mode": "managed",
      "type": "azurerm_storage_account",
      "name": "storage_account",
      "provider": "provider[\"registry.terraform.io/hashicorp/azurerm\"]",
      "instances": [
        {
          "schema_version": 2,
          "attributes": {
            "access_tier": "Hot",
            "account_kind": "StorageV2",
            "account_replication_type": "LRS",
            "account_tier": "Standard",
            "allow_blob_public_access": false,
            "azure_files_authentication": [],
            "blob_properties": [
              {
                "change_feed_enabled": false,
                "container_delete_retention_policy": [],
                "cors_rule": [],
                "default_service_version": "",
                "delete_retention_policy": [],
                "last_access_time_enabled": false,
                "versioning_enabled": false
              }
            ],
            "custom_domain": [],
            "enable_https_traffic_only": true,
            "id": "/subscriptions/6695c113-e2f9-4d17-af9f-fa1d82b6a0be/resourceGroups/CTC_Resource_Group/providers/Microsoft.Storage/storageAccounts/ctcstorageaccountmain",
            "identity": [],
            "infrastructure_encryption_enabled": false,
            "is_hns_enabled": false,
            "large_file_share_enabled": null,
            "location": "eastus",
            "min_tls_version": "TLS1_0",
            "name": "ctcstorageaccountmain",
            "network_rules": [
              {
                "bypass": [
                  "AzureServices"
                ],
                "default_action": "Deny",
                "ip_rules": [],
                "private_link_access": [],
                "virtual_network_subnet_ids": [
                  "/subscriptions/6695c113-e2f9-4d17-af9f-fa1d82b6a0be/resourceGroups/CTC_Resource_Group/providers/Microsoft.Network/virtualNetworks/CTC_VNet/subnets/Sub1",
                  "/subscriptions/6695c113-e2f9-4d17-af9f-fa1d82b6a0be/resourceGroups/CTC_Resource_Group/providers/Microsoft.Network/virtualNetworks/CTC_VNet/subnets/Sub2",
                  "/subscriptions/6695c113-e2f9-4d17-af9f-fa1d82b6a0be/resourceGroups/CTC_Resource_Group/providers/Microsoft.Network/virtualNetworks/CTC_VNet/subnets/Sub3",
                  "/subscriptions/6695c113-e2f9-4d17-af9f-fa1d82b6a0be/resourceGroups/CTC_Resource_Group/providers/Microsoft.Network/virtualNetworks/CTC_VNet/subnets/Sub4"
                ]
              }
            ],
            "nfsv3_enabled": false,
            "primary_access_key": "pSP9gJ0sDu6v1ZOuS1M+5w/iPyGGME6CVHmPBdyTbzbxhE5GKgUmDmb66nvtDBKDyRcBHCC+49dwzdgLJX/zyw==",
            "primary_blob_connection_string": "DefaultEndpointsProtocol=https;BlobEndpoint=https://ctcstorageaccountmain.blob.core.windows.net/;AccountName=ctcstorageaccountmain;AccountKey=pSP9gJ0sDu6v1ZOuS1M+5w/iPyGGME6CVHmPBdyTbzbxhE5GKgUmDmb66nvtDBKDyRcBHCC+49dwzdgLJX/zyw==",
            "primary_blob_endpoint": "https://ctcstorageaccountmain.blob.core.windows.net/",
            "primary_blob_host": "ctcstorageaccountmain.blob.core.windows.net",
            "primary_connection_string": "DefaultEndpointsProtocol=https;AccountName=ctcstorageaccountmain;AccountKey=pSP9gJ0sDu6v1ZOuS1M+5w/iPyGGME6CVHmPBdyTbzbxhE5GKgUmDmb66nvtDBKDyRcBHCC+49dwzdgLJX/zyw==;EndpointSuffix=core.windows.net",
            "primary_dfs_endpoint": "https://ctcstorageaccountmain.dfs.core.windows.net/",
            "primary_dfs_host": "ctcstorageaccountmain.dfs.core.windows.net",
            "primary_file_endpoint": "https://ctcstorageaccountmain.file.core.windows.net/",
            "primary_file_host": "ctcstorageaccountmain.file.core.windows.net",
            "primary_location": "eastus",
            "primary_queue_endpoint": "https://ctcstorageaccountmain.queue.core.windows.net/",
            "primary_queue_host": "ctcstorageaccountmain.queue.core.windows.net",
            "primary_table_endpoint": "https://ctcstorageaccountmain.table.core.windows.net/",
            "primary_table_host": "ctcstorageaccountmain.table.core.windows.net",
            "primary_web_endpoint": "https://ctcstorageaccountmain.z13.web.core.windows.net/",
            "primary_web_host": "ctcstorageaccountmain.z13.web.core.windows.net",
            "queue_encryption_key_type": "Service",
            "queue_properties": [
              {
                "cors_rule": [],
                "hour_metrics": [
                  {
                    "enabled": true,
                    "include_apis": true,
                    "retention_policy_days": 7,
                    "version": "1.0"
                  }
                ],
                "logging": [
                  {
                    "delete": false,
                    "read": false,
                    "retention_policy_days": 0,
                    "version": "1.0",
                    "write": false
                  }
                ],
                "minute_metrics": [
                  {
                    "enabled": false,
                    "include_apis": false,
                    "retention_policy_days": 0,
                    "version": "1.0"
                  }
                ]
              }
            ],
            "resource_group_name": "CTC_Resource_Group",
            "routing": [],
            "secondary_access_key": "eA4QV4b1/Bdmu06hsXW/lSVi+RvdvOcbNh/HwTnigaae8uaeV10wJCmiSu+fpe+2OTGOo8MhAsu0OK1Y1trjSQ==",
            "secondary_blob_connection_string": "",
            "secondary_blob_endpoint": null,
            "secondary_blob_host": null,
            "secondary_connection_string": "DefaultEndpointsProtocol=https;AccountName=ctcstorageaccountmain;AccountKey=eA4QV4b1/Bdmu06hsXW/lSVi+RvdvOcbNh/HwTnigaae8uaeV10wJCmiSu+fpe+2OTGOo8MhAsu0OK1Y1trjSQ==;EndpointSuffix=core.windows.net",
            "secondary_dfs_endpoint": null,
            "secondary_dfs_host": null,
            "secondary_file_endpoint": null,
            "secondary_file_host": null,
            "secondary_location": "",
            "secondary_queue_endpoint": null,
            "secondary_queue_host": null,
            "secondary_table_endpoint": null,
            "secondary_table_host": null,
            "secondary_web_endpoint": null,
            "secondary_web_host": null,
            "share_properties": [
              {
                "cors_rule": [],
                "retention_policy": [
                  {
                    "days": 7
                  }
                ],
                "smb": []
              }
            ],
            "shared_access_key_enabled": true,
            "static_website": [],
            "table_encryption_key_type": "Service",
            "tags": {},
            "timeouts": null
          },
          "sensitive_attributes": [],
          "private": "eyJlMmJmYjczMC1lY2FhLTExZTYtOGY4OC0zNDM2M2JjN2M0YzAiOnsiY3JlYXRlIjozNjAwMDAwMDAwMDAwLCJkZWxldGUiOjM2MDAwMDAwMDAwMDAsInJlYWQiOjMwMDAwMDAwMDAwMCwidXBkYXRlIjozNjAwMDAwMDAwMDAwfSwic2NoZW1hX3ZlcnNpb24iOiIyIn0=",
          "dependencies": [
            "module.subnet_components_one.azurerm_network_interface.network_interface",
            "module.subnet_components_one.azurerm_subnet.subnet_one",
            "module.subnet_components_three.azurerm_linux_virtual_machine.linux_virtual_machine",
            "module.subnet_components_three.azurerm_network_security_rule.NSG_rule_ssh",
            "azurerm_lb_nat_rule.nat_rule",
            "azurerm_subnet.subnet_four",
            "azurerm_subnet.subnet_two",
            "module.subnet_components_one.azurerm_linux_virtual_machine.linux_virtual_machine",
            "module.subnet_components_three.azurerm_network_security_rule.nsg_rule_open",
            "azurerm_lb.load_balancer",
            "module.subnet_components_one.azurerm_network_interface_security_group_association.network_interface_nsg_assoc",
            "module.subnet_components_one.azurerm_network_security_group.nsg",
            "module.subnet_components_one.azurerm_network_security_rule.nsg_rule",
            "module.subnet_components_one.azurerm_public_ip.public_ip",
            "module.subnet_components_three.azurerm_network_interface_nat_rule_association.nat_rule_network_interface_assoc",
            "module.subnet_components_three.azurerm_network_interface_security_group_association.network_interface_nsg_assoc",
            "module.subnet_components_three.azurerm_network_security_group.nsg",
            "azurerm_public_ip.public_ip",
            "azurerm_resource_group.resource_group",
            "azurerm_virtual_network.virtual_network",
            "module.subnet_components_one.azurerm_availability_set.availability_set",
            "module.subnet_components_three.azurerm_subnet.subnet_three",
            "module.subnet_components_three.azurerm_network_interface.network_interface",
            "module.subnet_components_three.azurerm_network_security_rule.nsg_rule_ssh",
            "module.subnet_components_three.azurerm_public_ip.access_public_ip"
          ]
        }
      ]
    },
    {
      "mode": "managed",
      "type": "azurerm_subnet",
      "name": "subnet_four",
      "provider": "provider[\"registry.terraform.io/hashicorp/azurerm\"]",
      "instances": [
        {
          "schema_version": 0,
          "attributes": {
            "address_prefix": "10.0.3.0/24",
            "address_prefixes": [
              "10.0.3.0/24"
            ],
            "delegation": [],
            "enforce_private_link_endpoint_network_policies": false,
            "enforce_private_link_service_network_policies": false,
            "id": "/subscriptions/6695c113-e2f9-4d17-af9f-fa1d82b6a0be/resourceGroups/CTC_Resource_Group/providers/Microsoft.Network/virtualNetworks/CTC_VNet/subnets/Sub4",
            "name": "Sub4",
            "resource_group_name": "CTC_Resource_Group",
            "service_endpoint_policy_ids": [],
            "service_endpoints": [
              "Microsoft.Storage"
            ],
            "timeouts": null,
            "virtual_network_name": "CTC_VNet"
          },
          "sensitive_attributes": [],
          "private": "eyJlMmJmYjczMC1lY2FhLTExZTYtOGY4OC0zNDM2M2JjN2M0YzAiOnsiY3JlYXRlIjoxODAwMDAwMDAwMDAwLCJkZWxldGUiOjE4MDAwMDAwMDAwMDAsInJlYWQiOjMwMDAwMDAwMDAwMCwidXBkYXRlIjoxODAwMDAwMDAwMDAwfX0=",
          "dependencies": [
            "azurerm_resource_group.resource_group",
            "azurerm_virtual_network.virtual_network"
          ]
        }
      ]
    },
    {
      "mode": "managed",
      "type": "azurerm_subnet",
      "name": "subnet_two",
      "provider": "provider[\"registry.terraform.io/hashicorp/azurerm\"]",
      "instances": [
        {
          "schema_version": 0,
          "attributes": {
            "address_prefix": "10.0.1.0/24",
            "address_prefixes": [
              "10.0.1.0/24"
            ],
            "delegation": [],
            "enforce_private_link_endpoint_network_policies": false,
            "enforce_private_link_service_network_policies": false,
            "id": "/subscriptions/6695c113-e2f9-4d17-af9f-fa1d82b6a0be/resourceGroups/CTC_Resource_Group/providers/Microsoft.Network/virtualNetworks/CTC_VNet/subnets/Sub2",
            "name": "Sub2",
            "resource_group_name": "CTC_Resource_Group",
            "service_endpoint_policy_ids": [],
            "service_endpoints": [
              "Microsoft.Storage"
            ],
            "timeouts": null,
            "virtual_network_name": "CTC_VNet"
          },
          "sensitive_attributes": [],
          "private": "eyJlMmJmYjczMC1lY2FhLTExZTYtOGY4OC0zNDM2M2JjN2M0YzAiOnsiY3JlYXRlIjoxODAwMDAwMDAwMDAwLCJkZWxldGUiOjE4MDAwMDAwMDAwMDAsInJlYWQiOjMwMDAwMDAwMDAwMCwidXBkYXRlIjoxODAwMDAwMDAwMDAwfX0=",
          "dependencies": [
            "azurerm_resource_group.resource_group",
            "azurerm_virtual_network.virtual_network"
          ]
        }
      ]
    },
    {
      "mode": "managed",
      "type": "azurerm_virtual_network",
      "name": "virtual_network",
      "provider": "provider[\"registry.terraform.io/hashicorp/azurerm\"]",
      "instances": [
        {
          "schema_version": 0,
          "attributes": {
            "address_space": [
              "10.0.0.0/16"
            ],
            "bgp_community": "",
            "ddos_protection_plan": [],
            "dns_servers": [],
            "flow_timeout_in_minutes": 0,
            "guid": "c0f5e62d-dbe6-445a-a680-ec1f3b843be0",
            "id": "/subscriptions/6695c113-e2f9-4d17-af9f-fa1d82b6a0be/resourceGroups/CTC_Resource_Group/providers/Microsoft.Network/virtualNetworks/CTC_VNet",
            "location": "eastus",
            "name": "CTC_VNet",
            "resource_group_name": "CTC_Resource_Group",
            "subnet": [
              {
                "address_prefix": "10.0.0.0/24",
                "id": "/subscriptions/6695c113-e2f9-4d17-af9f-fa1d82b6a0be/resourceGroups/CTC_Resource_Group/providers/Microsoft.Network/virtualNetworks/CTC_VNet/subnets/Sub1",
                "name": "Sub1",
                "security_group": ""
              },
              {
                "address_prefix": "10.0.1.0/24",
                "id": "/subscriptions/6695c113-e2f9-4d17-af9f-fa1d82b6a0be/resourceGroups/CTC_Resource_Group/providers/Microsoft.Network/virtualNetworks/CTC_VNet/subnets/Sub2",
                "name": "Sub2",
                "security_group": ""
              },
              {
                "address_prefix": "10.0.2.0/24",
                "id": "/subscriptions/6695c113-e2f9-4d17-af9f-fa1d82b6a0be/resourceGroups/CTC_Resource_Group/providers/Microsoft.Network/virtualNetworks/CTC_VNet/subnets/Sub3",
                "name": "Sub3",
                "security_group": ""
              },
              {
                "address_prefix": "10.0.3.0/24",
                "id": "/subscriptions/6695c113-e2f9-4d17-af9f-fa1d82b6a0be/resourceGroups/CTC_Resource_Group/providers/Microsoft.Network/virtualNetworks/CTC_VNet/subnets/Sub4",
                "name": "Sub4",
                "security_group": ""
              }
            ],
            "tags": {},
            "timeouts": null,
            "vm_protection_enabled": false
          },
          "sensitive_attributes": [],
          "private": "eyJlMmJmYjczMC1lY2FhLTExZTYtOGY4OC0zNDM2M2JjN2M0YzAiOnsiY3JlYXRlIjoxODAwMDAwMDAwMDAwLCJkZWxldGUiOjE4MDAwMDAwMDAwMDAsInJlYWQiOjMwMDAwMDAwMDAwMCwidXBkYXRlIjoxODAwMDAwMDAwMDAwfX0=",
          "dependencies": [
            "azurerm_resource_group.resource_group"
          ]
        }
      ]
    },
    {
      "module": "module.subnet_components_one",
      "mode": "managed",
      "type": "azurerm_availability_set",
      "name": "availability_set",
      "provider": "provider[\"registry.terraform.io/hashicorp/azurerm\"]",
      "instances": [
        {
          "schema_version": 0,
          "attributes": {
            "id": "/subscriptions/6695c113-e2f9-4d17-af9f-fa1d82b6a0be/resourceGroups/CTC_Resource_Group/providers/Microsoft.Compute/availabilitySets/Subnet1_Availability_Set",
            "location": "eastus",
            "managed": true,
            "name": "Subnet1_Availability_Set",
            "platform_fault_domain_count": 3,
            "platform_update_domain_count": 5,
            "proximity_placement_group_id": null,
            "resource_group_name": "CTC_Resource_Group",
            "tags": {},
            "timeouts": null
          },
          "sensitive_attributes": [],
          "private": "eyJlMmJmYjczMC1lY2FhLTExZTYtOGY4OC0zNDM2M2JjN2M0YzAiOnsiY3JlYXRlIjoxODAwMDAwMDAwMDAwLCJkZWxldGUiOjE4MDAwMDAwMDAwMDAsInJlYWQiOjMwMDAwMDAwMDAwMCwidXBkYXRlIjoxODAwMDAwMDAwMDAwfX0=",
          "dependencies": [
            "azurerm_resource_group.resource_group"
          ]
        }
      ]
    },
    {
      "module": "module.subnet_components_one",
      "mode": "managed",
      "type": "azurerm_linux_virtual_machine",
      "name": "linux_virtual_machine",
      "provider": "provider[\"registry.terraform.io/hashicorp/azurerm\"]",
      "instances": [
        {
          "index_key": 0,
          "schema_version": 0,
          "attributes": {
            "additional_capabilities": [],
            "admin_password": null,
            "admin_ssh_key": [
              {
                "public_key": "ssh-rsa AAAAB3NzaC1yc2EAAAADAQABAAABAQDlEyt5vJNpDeQMkYTijyG++vbIsVhT+erebOFFIFJpclVF291BVAiYNmrS+gTN7qZzITldz3kSpu9clvJndfAYkJZ2ImDtXxlNcuUvX8iTzYxOrdNMUv6A0yqny7+0eJNDw3lMxMKZQUbllSPGvu29OqRXbNbX8oKDfYhaxdtS9ozzAyul9hkQAvd6ncVsDOYm/5gKm/YHzCsPj3KLlSus8aNuhnuCBOBxCIqR683iNriAWfQyNk5tFCtw950JWLmpzb4s9i9JW0D1ol0me2O5Ynw+4B4NDNwG91xLkoBccQx6qUibiVzo39BxE0QK41roRou8jtNgbvFBZeNSyZ63 hrcla@DESKTOP-VHB3QME\n",
                "username": "azureuser"
              }
            ],
            "admin_username": "azureuser",
            "allow_extension_operations": true,
            "availability_set_id": "/subscriptions/6695c113-e2f9-4d17-af9f-fa1d82b6a0be/resourceGroups/CTC_Resource_Group/providers/Microsoft.Compute/availabilitySets/SUBNET1_AVAILABILITY_SET",
            "boot_diagnostics": [],
            "computer_name": "LinuxVMSubnetOne0",
            "custom_data": null,
            "dedicated_host_id": "",
            "disable_password_authentication": true,
            "encryption_at_host_enabled": false,
            "eviction_policy": "",
            "extensions_time_budget": "PT1H30M",
            "id": "/subscriptions/6695c113-e2f9-4d17-af9f-fa1d82b6a0be/resourceGroups/CTC_Resource_Group/providers/Microsoft.Compute/virtualMachines/LinuxVMSubnetOne0",
            "identity": [],
            "license_type": "",
            "location": "eastus",
            "max_bid_price": -1,
            "name": "LinuxVMSubnetOne0",
            "network_interface_ids": [
              "/subscriptions/6695c113-e2f9-4d17-af9f-fa1d82b6a0be/resourceGroups/CTC_Resource_Group/providers/Microsoft.Network/networkInterfaces/networkinterfacesubone0"
            ],
            "os_disk": [
              {
                "caching": "ReadWrite",
                "diff_disk_settings": [],
                "disk_encryption_set_id": "",
                "disk_size_gb": 256,
                "name": "LinuxVMSubnetOne0_OsDisk_1_24c066f132704654a86ba8a0a5ce6738",
                "storage_account_type": "Standard_LRS",
                "write_accelerator_enabled": false
              }
            ],
            "patch_mode": "ImageDefault",
            "plan": [],
            "platform_fault_domain": -1,
            "priority": "Regular",
            "private_ip_address": "10.0.0.4",
            "private_ip_addresses": [
              "10.0.0.4"
            ],
            "provision_vm_agent": true,
            "proximity_placement_group_id": "",
            "public_ip_address": "20.121.26.162",
            "public_ip_addresses": [
              "20.121.26.162"
            ],
            "resource_group_name": "CTC_Resource_Group",
            "secret": [],
            "secure_boot_enabled": false,
            "size": "Standard_DS1_v2",
            "source_image_id": "",
            "source_image_reference": [
              {
                "offer": "RHEL",
                "publisher": "RedHat",
                "sku": "8.1",
                "version": "latest"
              }
            ],
            "tags": {},
            "timeouts": null,
            "user_data": "",
            "virtual_machine_id": "b9fb9100-4dff-4b22-b579-f2b53eae4acc",
            "virtual_machine_scale_set_id": "",
            "vtpm_enabled": false,
            "zone": ""
          },
          "sensitive_attributes": [],
          "private": "eyJlMmJmYjczMC1lY2FhLTExZTYtOGY4OC0zNDM2M2JjN2M0YzAiOnsiY3JlYXRlIjoyNzAwMDAwMDAwMDAwLCJkZWxldGUiOjI3MDAwMDAwMDAwMDAsInJlYWQiOjMwMDAwMDAwMDAwMCwidXBkYXRlIjoyNzAwMDAwMDAwMDAwfX0=",
          "dependencies": [
            "module.subnet_components_one.azurerm_network_interface.network_interface",
            "module.subnet_components_one.azurerm_public_ip.public_ip",
            "module.subnet_components_one.azurerm_subnet.subnet_one",
            "azurerm_resource_group.resource_group",
            "azurerm_virtual_network.virtual_network",
            "module.subnet_components_one.azurerm_availability_set.availability_set"
          ]
        },
        {
          "index_key": 1,
          "schema_version": 0,
          "attributes": {
            "additional_capabilities": [],
            "admin_password": null,
            "admin_ssh_key": [
              {
                "public_key": "ssh-rsa AAAAB3NzaC1yc2EAAAADAQABAAABAQDlEyt5vJNpDeQMkYTijyG++vbIsVhT+erebOFFIFJpclVF291BVAiYNmrS+gTN7qZzITldz3kSpu9clvJndfAYkJZ2ImDtXxlNcuUvX8iTzYxOrdNMUv6A0yqny7+0eJNDw3lMxMKZQUbllSPGvu29OqRXbNbX8oKDfYhaxdtS9ozzAyul9hkQAvd6ncVsDOYm/5gKm/YHzCsPj3KLlSus8aNuhnuCBOBxCIqR683iNriAWfQyNk5tFCtw950JWLmpzb4s9i9JW0D1ol0me2O5Ynw+4B4NDNwG91xLkoBccQx6qUibiVzo39BxE0QK41roRou8jtNgbvFBZeNSyZ63 hrcla@DESKTOP-VHB3QME\n",
                "username": "azureuser"
              }
            ],
            "admin_username": "azureuser",
            "allow_extension_operations": true,
            "availability_set_id": "/subscriptions/6695c113-e2f9-4d17-af9f-fa1d82b6a0be/resourceGroups/CTC_Resource_Group/providers/Microsoft.Compute/availabilitySets/SUBNET1_AVAILABILITY_SET",
            "boot_diagnostics": [],
            "computer_name": "LinuxVMSubnetOne1",
            "custom_data": null,
            "dedicated_host_id": "",
            "disable_password_authentication": true,
            "encryption_at_host_enabled": false,
            "eviction_policy": "",
            "extensions_time_budget": "PT1H30M",
            "id": "/subscriptions/6695c113-e2f9-4d17-af9f-fa1d82b6a0be/resourceGroups/CTC_Resource_Group/providers/Microsoft.Compute/virtualMachines/LinuxVMSubnetOne1",
            "identity": [],
            "license_type": "",
            "location": "eastus",
            "max_bid_price": -1,
            "name": "LinuxVMSubnetOne1",
            "network_interface_ids": [
              "/subscriptions/6695c113-e2f9-4d17-af9f-fa1d82b6a0be/resourceGroups/CTC_Resource_Group/providers/Microsoft.Network/networkInterfaces/networkinterfacesubone1"
            ],
            "os_disk": [
              {
                "caching": "ReadWrite",
                "diff_disk_settings": [],
                "disk_encryption_set_id": "",
                "disk_size_gb": 256,
                "name": "LinuxVMSubnetOne1_OsDisk_1_02b98a71b2c14fb7bc720d497624afa4",
                "storage_account_type": "Standard_LRS",
                "write_accelerator_enabled": false
              }
            ],
            "patch_mode": "ImageDefault",
            "plan": [],
            "platform_fault_domain": -1,
            "priority": "Regular",
            "private_ip_address": "10.0.0.5",
            "private_ip_addresses": [
              "10.0.0.5"
            ],
            "provision_vm_agent": true,
            "proximity_placement_group_id": "",
            "public_ip_address": "20.121.27.50",
            "public_ip_addresses": [
              "20.121.27.50"
            ],
            "resource_group_name": "CTC_Resource_Group",
            "secret": [],
            "secure_boot_enabled": false,
            "size": "Standard_DS1_v2",
            "source_image_id": "",
            "source_image_reference": [
              {
                "offer": "RHEL",
                "publisher": "RedHat",
                "sku": "8.1",
                "version": "latest"
              }
            ],
            "tags": {},
            "timeouts": null,
            "user_data": "",
            "virtual_machine_id": "d77ca002-06a8-4c42-8561-b9905f98f01a",
            "virtual_machine_scale_set_id": "",
            "vtpm_enabled": false,
            "zone": ""
          },
          "sensitive_attributes": [],
          "private": "eyJlMmJmYjczMC1lY2FhLTExZTYtOGY4OC0zNDM2M2JjN2M0YzAiOnsiY3JlYXRlIjoyNzAwMDAwMDAwMDAwLCJkZWxldGUiOjI3MDAwMDAwMDAwMDAsInJlYWQiOjMwMDAwMDAwMDAwMCwidXBkYXRlIjoyNzAwMDAwMDAwMDAwfX0=",
          "dependencies": [
            "azurerm_resource_group.resource_group",
            "azurerm_virtual_network.virtual_network",
            "module.subnet_components_one.azurerm_availability_set.availability_set",
            "module.subnet_components_one.azurerm_network_interface.network_interface",
            "module.subnet_components_one.azurerm_public_ip.public_ip",
            "module.subnet_components_one.azurerm_subnet.subnet_one"
          ]
        }
      ]
    },
    {
      "module": "module.subnet_components_one",
      "mode": "managed",
      "type": "azurerm_network_interface",
      "name": "network_interface",
      "provider": "provider[\"registry.terraform.io/hashicorp/azurerm\"]",
      "instances": [
        {
          "index_key": 0,
          "schema_version": 0,
          "attributes": {
            "applied_dns_servers": [],
            "dns_servers": [],
            "enable_accelerated_networking": false,
            "enable_ip_forwarding": false,
            "id": "/subscriptions/6695c113-e2f9-4d17-af9f-fa1d82b6a0be/resourceGroups/CTC_Resource_Group/providers/Microsoft.Network/networkInterfaces/networkinterfacesubone0",
            "internal_dns_name_label": "",
            "internal_domain_name_suffix": "fxtplqhg1nnejjua3qptxbb12a.bx.internal.cloudapp.net",
            "ip_configuration": [
              {
                "gateway_load_balancer_frontend_ip_configuration_id": "",
                "name": "Network_Interface_Subnet1",
                "primary": true,
                "private_ip_address": "10.0.0.4",
                "private_ip_address_allocation": "Dynamic",
                "private_ip_address_version": "IPv4",
                "public_ip_address_id": "/subscriptions/6695c113-e2f9-4d17-af9f-fa1d82b6a0be/resourceGroups/CTC_Resource_Group/providers/Microsoft.Network/publicIPAddresses/access_public_ip_Subnet_One0",
                "subnet_id": "/subscriptions/6695c113-e2f9-4d17-af9f-fa1d82b6a0be/resourceGroups/CTC_Resource_Group/providers/Microsoft.Network/virtualNetworks/CTC_VNet/subnets/Sub1"
              }
            ],
            "location": "eastus",
            "mac_address": "00-0D-3A-99-28-75",
            "name": "networkinterfacesubone0",
            "private_ip_address": "10.0.0.4",
            "private_ip_addresses": [
              "10.0.0.4"
            ],
            "resource_group_name": "CTC_Resource_Group",
            "tags": {},
            "timeouts": null,
            "virtual_machine_id": "/subscriptions/6695c113-e2f9-4d17-af9f-fa1d82b6a0be/resourceGroups/CTC_Resource_Group/providers/Microsoft.Compute/virtualMachines/LinuxVMSubnetOne0"
          },
          "sensitive_attributes": [],
          "private": "eyJlMmJmYjczMC1lY2FhLTExZTYtOGY4OC0zNDM2M2JjN2M0YzAiOnsiY3JlYXRlIjoxODAwMDAwMDAwMDAwLCJkZWxldGUiOjE4MDAwMDAwMDAwMDAsInJlYWQiOjMwMDAwMDAwMDAwMCwidXBkYXRlIjoxODAwMDAwMDAwMDAwfX0=",
          "dependencies": [
            "azurerm_resource_group.resource_group",
            "azurerm_virtual_network.virtual_network",
            "module.subnet_components_one.azurerm_public_ip.public_ip",
            "module.subnet_components_one.azurerm_subnet.subnet_one"
          ]
        },
        {
          "index_key": 1,
          "schema_version": 0,
          "attributes": {
            "applied_dns_servers": [],
            "dns_servers": [],
            "enable_accelerated_networking": false,
            "enable_ip_forwarding": false,
            "id": "/subscriptions/6695c113-e2f9-4d17-af9f-fa1d82b6a0be/resourceGroups/CTC_Resource_Group/providers/Microsoft.Network/networkInterfaces/networkinterfacesubone1",
            "internal_dns_name_label": "",
            "internal_domain_name_suffix": "fxtplqhg1nnejjua3qptxbb12a.bx.internal.cloudapp.net",
            "ip_configuration": [
              {
                "gateway_load_balancer_frontend_ip_configuration_id": "",
                "name": "Network_Interface_Subnet1",
                "primary": true,
                "private_ip_address": "10.0.0.5",
                "private_ip_address_allocation": "Dynamic",
                "private_ip_address_version": "IPv4",
                "public_ip_address_id": "/subscriptions/6695c113-e2f9-4d17-af9f-fa1d82b6a0be/resourceGroups/CTC_Resource_Group/providers/Microsoft.Network/publicIPAddresses/access_public_ip_Subnet_One1",
                "subnet_id": "/subscriptions/6695c113-e2f9-4d17-af9f-fa1d82b6a0be/resourceGroups/CTC_Resource_Group/providers/Microsoft.Network/virtualNetworks/CTC_VNet/subnets/Sub1"
              }
            ],
            "location": "eastus",
            "mac_address": "00-0D-3A-99-21-D0",
            "name": "networkinterfacesubone1",
            "private_ip_address": "10.0.0.5",
            "private_ip_addresses": [
              "10.0.0.5"
            ],
            "resource_group_name": "CTC_Resource_Group",
            "tags": {},
            "timeouts": null,
            "virtual_machine_id": "/subscriptions/6695c113-e2f9-4d17-af9f-fa1d82b6a0be/resourceGroups/CTC_Resource_Group/providers/Microsoft.Compute/virtualMachines/LinuxVMSubnetOne1"
          },
          "sensitive_attributes": [],
          "private": "eyJlMmJmYjczMC1lY2FhLTExZTYtOGY4OC0zNDM2M2JjN2M0YzAiOnsiY3JlYXRlIjoxODAwMDAwMDAwMDAwLCJkZWxldGUiOjE4MDAwMDAwMDAwMDAsInJlYWQiOjMwMDAwMDAwMDAwMCwidXBkYXRlIjoxODAwMDAwMDAwMDAwfX0=",
          "dependencies": [
            "azurerm_virtual_network.virtual_network",
            "module.subnet_components_one.azurerm_public_ip.public_ip",
            "module.subnet_components_one.azurerm_subnet.subnet_one",
            "azurerm_resource_group.resource_group"
          ]
        }
      ]
    },
    {
      "module": "module.subnet_components_one",
      "mode": "managed",
      "type": "azurerm_network_interface_security_group_association",
      "name": "network_interface_nsg_assoc",
      "provider": "provider[\"registry.terraform.io/hashicorp/azurerm\"]",
      "instances": [
        {
          "index_key": 0,
          "schema_version": 0,
          "attributes": {
            "id": "/subscriptions/6695c113-e2f9-4d17-af9f-fa1d82b6a0be/resourceGroups/CTC_Resource_Group/providers/Microsoft.Network/networkInterfaces/networkinterfacesubone0|/subscriptions/6695c113-e2f9-4d17-af9f-fa1d82b6a0be/resourceGroups/CTC_Resource_Group/providers/Microsoft.Network/networkSecurityGroups/NSG_Subnet_One0",
            "network_interface_id": "/subscriptions/6695c113-e2f9-4d17-af9f-fa1d82b6a0be/resourceGroups/CTC_Resource_Group/providers/Microsoft.Network/networkInterfaces/networkinterfacesubone0",
            "network_security_group_id": "/subscriptions/6695c113-e2f9-4d17-af9f-fa1d82b6a0be/resourceGroups/CTC_Resource_Group/providers/Microsoft.Network/networkSecurityGroups/NSG_Subnet_One0",
            "timeouts": null
          },
          "sensitive_attributes": [],
          "private": "eyJlMmJmYjczMC1lY2FhLTExZTYtOGY4OC0zNDM2M2JjN2M0YzAiOnsiY3JlYXRlIjoxODAwMDAwMDAwMDAwLCJkZWxldGUiOjE4MDAwMDAwMDAwMDAsInJlYWQiOjMwMDAwMDAwMDAwMCwidXBkYXRlIjoxODAwMDAwMDAwMDAwfX0=",
          "dependencies": [
            "module.subnet_components_one.azurerm_network_security_group.nsg",
            "module.subnet_components_one.azurerm_public_ip.public_ip",
            "module.subnet_components_one.azurerm_subnet.subnet_one",
            "azurerm_resource_group.resource_group",
            "azurerm_virtual_network.virtual_network",
            "module.subnet_components_one.azurerm_network_interface.network_interface"
          ]
        },
        {
          "index_key": 1,
          "schema_version": 0,
          "attributes": {
            "id": "/subscriptions/6695c113-e2f9-4d17-af9f-fa1d82b6a0be/resourceGroups/CTC_Resource_Group/providers/Microsoft.Network/networkInterfaces/networkinterfacesubone1|/subscriptions/6695c113-e2f9-4d17-af9f-fa1d82b6a0be/resourceGroups/CTC_Resource_Group/providers/Microsoft.Network/networkSecurityGroups/NSG_Subnet_One1",
            "network_interface_id": "/subscriptions/6695c113-e2f9-4d17-af9f-fa1d82b6a0be/resourceGroups/CTC_Resource_Group/providers/Microsoft.Network/networkInterfaces/networkinterfacesubone1",
            "network_security_group_id": "/subscriptions/6695c113-e2f9-4d17-af9f-fa1d82b6a0be/resourceGroups/CTC_Resource_Group/providers/Microsoft.Network/networkSecurityGroups/NSG_Subnet_One1",
            "timeouts": null
          },
          "sensitive_attributes": [],
          "private": "eyJlMmJmYjczMC1lY2FhLTExZTYtOGY4OC0zNDM2M2JjN2M0YzAiOnsiY3JlYXRlIjoxODAwMDAwMDAwMDAwLCJkZWxldGUiOjE4MDAwMDAwMDAwMDAsInJlYWQiOjMwMDAwMDAwMDAwMCwidXBkYXRlIjoxODAwMDAwMDAwMDAwfX0=",
          "dependencies": [
            "module.subnet_components_one.azurerm_subnet.subnet_one",
            "azurerm_resource_group.resource_group",
            "azurerm_virtual_network.virtual_network",
            "module.subnet_components_one.azurerm_network_interface.network_interface",
            "module.subnet_components_one.azurerm_network_security_group.nsg",
            "module.subnet_components_one.azurerm_public_ip.public_ip"
          ]
        }
      ]
    },
    {
      "module": "module.subnet_components_one",
      "mode": "managed",
      "type": "azurerm_network_security_group",
      "name": "nsg",
      "provider": "provider[\"registry.terraform.io/hashicorp/azurerm\"]",
      "instances": [
        {
          "index_key": 0,
          "schema_version": 0,
          "attributes": {
            "id": "/subscriptions/6695c113-e2f9-4d17-af9f-fa1d82b6a0be/resourceGroups/CTC_Resource_Group/providers/Microsoft.Network/networkSecurityGroups/NSG_Subnet_One0",
            "location": "eastus",
            "name": "NSG_Subnet_One0",
            "resource_group_name": "CTC_Resource_Group",
            "security_rule": [
              {
                "access": "Allow",
                "description": "",
                "destination_address_prefix": "*",
                "destination_address_prefixes": [],
                "destination_application_security_group_ids": [],
                "destination_port_range": "22",
                "destination_port_ranges": [],
                "direction": "Inbound",
                "name": "SSH_VM_NSG_Rule0",
                "priority": 100,
                "protocol": "TCP",
                "source_address_prefix": "*",
                "source_address_prefixes": [],
                "source_application_security_group_ids": [],
                "source_port_range": "*",
                "source_port_ranges": []
              }
            ],
            "tags": {},
            "timeouts": null
          },
          "sensitive_attributes": [],
          "private": "eyJlMmJmYjczMC1lY2FhLTExZTYtOGY4OC0zNDM2M2JjN2M0YzAiOnsiY3JlYXRlIjoxODAwMDAwMDAwMDAwLCJkZWxldGUiOjE4MDAwMDAwMDAwMDAsInJlYWQiOjMwMDAwMDAwMDAwMCwidXBkYXRlIjoxODAwMDAwMDAwMDAwfX0=",
          "dependencies": [
            "azurerm_resource_group.resource_group"
          ]
        },
        {
          "index_key": 1,
          "schema_version": 0,
          "attributes": {
            "id": "/subscriptions/6695c113-e2f9-4d17-af9f-fa1d82b6a0be/resourceGroups/CTC_Resource_Group/providers/Microsoft.Network/networkSecurityGroups/NSG_Subnet_One1",
            "location": "eastus",
            "name": "NSG_Subnet_One1",
            "resource_group_name": "CTC_Resource_Group",
            "security_rule": [
              {
                "access": "Allow",
                "description": "",
                "destination_address_prefix": "*",
                "destination_address_prefixes": [],
                "destination_application_security_group_ids": [],
                "destination_port_range": "22",
                "destination_port_ranges": [],
                "direction": "Inbound",
                "name": "SSH_VM_NSG_Rule1",
                "priority": 100,
                "protocol": "TCP",
                "source_address_prefix": "*",
                "source_address_prefixes": [],
                "source_application_security_group_ids": [],
                "source_port_range": "*",
                "source_port_ranges": []
              }
            ],
            "tags": {},
            "timeouts": null
          },
          "sensitive_attributes": [],
          "private": "eyJlMmJmYjczMC1lY2FhLTExZTYtOGY4OC0zNDM2M2JjN2M0YzAiOnsiY3JlYXRlIjoxODAwMDAwMDAwMDAwLCJkZWxldGUiOjE4MDAwMDAwMDAwMDAsInJlYWQiOjMwMDAwMDAwMDAwMCwidXBkYXRlIjoxODAwMDAwMDAwMDAwfX0=",
          "dependencies": [
            "azurerm_resource_group.resource_group"
          ]
        }
      ]
    },
    {
      "module": "module.subnet_components_one",
      "mode": "managed",
      "type": "azurerm_network_security_rule",
      "name": "nsg_rule",
      "provider": "provider[\"registry.terraform.io/hashicorp/azurerm\"]",
      "instances": [
        {
          "index_key": 0,
          "schema_version": 0,
          "attributes": {
            "access": "Allow",
            "description": "",
            "destination_address_prefix": "*",
            "destination_address_prefixes": [],
            "destination_application_security_group_ids": [],
            "destination_port_range": "22",
            "destination_port_ranges": [],
            "direction": "Inbound",
            "id": "/subscriptions/6695c113-e2f9-4d17-af9f-fa1d82b6a0be/resourceGroups/CTC_Resource_Group/providers/Microsoft.Network/networkSecurityGroups/NSG_Subnet_One0/securityRules/SSH_VM_NSG_Rule0",
            "name": "SSH_VM_NSG_Rule0",
            "network_security_group_name": "NSG_Subnet_One0",
            "priority": 100,
            "protocol": "TCP",
            "resource_group_name": "CTC_Resource_Group",
            "source_address_prefix": "*",
            "source_address_prefixes": [],
            "source_application_security_group_ids": [],
            "source_port_range": "*",
            "source_port_ranges": [],
            "timeouts": null
          },
          "sensitive_attributes": [],
          "private": "eyJlMmJmYjczMC1lY2FhLTExZTYtOGY4OC0zNDM2M2JjN2M0YzAiOnsiY3JlYXRlIjoxODAwMDAwMDAwMDAwLCJkZWxldGUiOjE4MDAwMDAwMDAwMDAsInJlYWQiOjMwMDAwMDAwMDAwMCwidXBkYXRlIjoxODAwMDAwMDAwMDAwfX0=",
          "dependencies": [
            "module.subnet_components_one.azurerm_network_security_group.nsg",
            "azurerm_resource_group.resource_group"
          ]
        },
        {
          "index_key": 1,
          "schema_version": 0,
          "attributes": {
            "access": "Allow",
            "description": "",
            "destination_address_prefix": "*",
            "destination_address_prefixes": [],
            "destination_application_security_group_ids": [],
            "destination_port_range": "22",
            "destination_port_ranges": [],
            "direction": "Inbound",
            "id": "/subscriptions/6695c113-e2f9-4d17-af9f-fa1d82b6a0be/resourceGroups/CTC_Resource_Group/providers/Microsoft.Network/networkSecurityGroups/NSG_Subnet_One1/securityRules/SSH_VM_NSG_Rule1",
            "name": "SSH_VM_NSG_Rule1",
            "network_security_group_name": "NSG_Subnet_One1",
            "priority": 100,
            "protocol": "TCP",
            "resource_group_name": "CTC_Resource_Group",
            "source_address_prefix": "*",
            "source_address_prefixes": [],
            "source_application_security_group_ids": [],
            "source_port_range": "*",
            "source_port_ranges": [],
            "timeouts": null
          },
          "sensitive_attributes": [],
          "private": "eyJlMmJmYjczMC1lY2FhLTExZTYtOGY4OC0zNDM2M2JjN2M0YzAiOnsiY3JlYXRlIjoxODAwMDAwMDAwMDAwLCJkZWxldGUiOjE4MDAwMDAwMDAwMDAsInJlYWQiOjMwMDAwMDAwMDAwMCwidXBkYXRlIjoxODAwMDAwMDAwMDAwfX0=",
          "dependencies": [
            "azurerm_resource_group.resource_group",
            "module.subnet_components_one.azurerm_network_security_group.nsg"
          ]
        }
      ]
    },
    {
      "module": "module.subnet_components_one",
      "mode": "managed",
      "type": "azurerm_public_ip",
      "name": "public_ip",
      "provider": "provider[\"registry.terraform.io/hashicorp/azurerm\"]",
      "instances": [
        {
          "index_key": 0,
          "schema_version": 0,
          "attributes": {
            "allocation_method": "Dynamic",
            "availability_zone": "No-Zone",
            "domain_name_label": null,
            "fqdn": null,
            "id": "/subscriptions/6695c113-e2f9-4d17-af9f-fa1d82b6a0be/resourceGroups/CTC_Resource_Group/providers/Microsoft.Network/publicIPAddresses/access_public_ip_Subnet_One0",
            "idle_timeout_in_minutes": 4,
            "ip_address": "20.121.26.162",
            "ip_tags": {},
            "ip_version": "IPv4",
            "location": "eastus",
            "name": "access_public_ip_Subnet_One0",
            "public_ip_prefix_id": null,
            "resource_group_name": "CTC_Resource_Group",
            "reverse_fqdn": null,
            "sku": "Basic",
            "sku_tier": "Regional",
            "tags": {},
            "timeouts": null,
            "zones": []
          },
          "sensitive_attributes": [],
          "private": "eyJlMmJmYjczMC1lY2FhLTExZTYtOGY4OC0zNDM2M2JjN2M0YzAiOnsiY3JlYXRlIjoxODAwMDAwMDAwMDAwLCJkZWxldGUiOjE4MDAwMDAwMDAwMDAsInJlYWQiOjMwMDAwMDAwMDAwMCwidXBkYXRlIjoxODAwMDAwMDAwMDAwfX0=",
          "dependencies": [
            "azurerm_resource_group.resource_group"
          ]
        },
        {
          "index_key": 1,
          "schema_version": 0,
          "attributes": {
            "allocation_method": "Dynamic",
            "availability_zone": "No-Zone",
            "domain_name_label": null,
            "fqdn": null,
            "id": "/subscriptions/6695c113-e2f9-4d17-af9f-fa1d82b6a0be/resourceGroups/CTC_Resource_Group/providers/Microsoft.Network/publicIPAddresses/access_public_ip_Subnet_One1",
            "idle_timeout_in_minutes": 4,
            "ip_address": "20.121.27.50",
            "ip_tags": {},
            "ip_version": "IPv4",
            "location": "eastus",
            "name": "access_public_ip_Subnet_One1",
            "public_ip_prefix_id": null,
            "resource_group_name": "CTC_Resource_Group",
            "reverse_fqdn": null,
            "sku": "Basic",
            "sku_tier": "Regional",
            "tags": {},
            "timeouts": null,
            "zones": []
          },
          "sensitive_attributes": [],
          "private": "eyJlMmJmYjczMC1lY2FhLTExZTYtOGY4OC0zNDM2M2JjN2M0YzAiOnsiY3JlYXRlIjoxODAwMDAwMDAwMDAwLCJkZWxldGUiOjE4MDAwMDAwMDAwMDAsInJlYWQiOjMwMDAwMDAwMDAwMCwidXBkYXRlIjoxODAwMDAwMDAwMDAwfX0=",
          "dependencies": [
            "azurerm_resource_group.resource_group"
          ]
        }
      ]
    },
    {
      "module": "module.subnet_components_one",
      "mode": "managed",
      "type": "azurerm_subnet",
      "name": "subnet_one",
      "provider": "provider[\"registry.terraform.io/hashicorp/azurerm\"]",
      "instances": [
        {
          "schema_version": 0,
          "attributes": {
            "address_prefix": "10.0.0.0/24",
            "address_prefixes": [
              "10.0.0.0/24"
            ],
            "delegation": [],
            "enforce_private_link_endpoint_network_policies": false,
            "enforce_private_link_service_network_policies": false,
            "id": "/subscriptions/6695c113-e2f9-4d17-af9f-fa1d82b6a0be/resourceGroups/CTC_Resource_Group/providers/Microsoft.Network/virtualNetworks/CTC_VNet/subnets/Sub1",
            "name": "Sub1",
            "resource_group_name": "CTC_Resource_Group",
            "service_endpoint_policy_ids": [],
            "service_endpoints": [
              "Microsoft.Storage"
            ],
            "timeouts": null,
            "virtual_network_name": "CTC_VNet"
          },
          "sensitive_attributes": [],
          "private": "eyJlMmJmYjczMC1lY2FhLTExZTYtOGY4OC0zNDM2M2JjN2M0YzAiOnsiY3JlYXRlIjoxODAwMDAwMDAwMDAwLCJkZWxldGUiOjE4MDAwMDAwMDAwMDAsInJlYWQiOjMwMDAwMDAwMDAwMCwidXBkYXRlIjoxODAwMDAwMDAwMDAwfX0=",
          "dependencies": [
            "azurerm_resource_group.resource_group",
            "azurerm_virtual_network.virtual_network"
          ]
        }
      ]
    },
    {
      "module": "module.subnet_components_three",
      "mode": "managed",
      "type": "azurerm_linux_virtual_machine",
      "name": "linux_virtual_machine",
      "provider": "provider[\"registry.terraform.io/hashicorp/azurerm\"]",
      "instances": [
        {
          "schema_version": 0,
          "attributes": {
            "additional_capabilities": [],
            "admin_password": null,
            "admin_ssh_key": [
              {
                "public_key": "ssh-rsa AAAAB3NzaC1yc2EAAAADAQABAAABAQDlEyt5vJNpDeQMkYTijyG++vbIsVhT+erebOFFIFJpclVF291BVAiYNmrS+gTN7qZzITldz3kSpu9clvJndfAYkJZ2ImDtXxlNcuUvX8iTzYxOrdNMUv6A0yqny7+0eJNDw3lMxMKZQUbllSPGvu29OqRXbNbX8oKDfYhaxdtS9ozzAyul9hkQAvd6ncVsDOYm/5gKm/YHzCsPj3KLlSus8aNuhnuCBOBxCIqR683iNriAWfQyNk5tFCtw950JWLmpzb4s9i9JW0D1ol0me2O5Ynw+4B4NDNwG91xLkoBccQx6qUibiVzo39BxE0QK41roRou8jtNgbvFBZeNSyZ63 hrcla@DESKTOP-VHB3QME\n",
                "username": "azureuser"
              }
            ],
            "admin_username": "azureuser",
            "allow_extension_operations": true,
            "availability_set_id": "",
            "boot_diagnostics": [],
            "computer_name": "LinuxVMSubnetThree",
            "custom_data": null,
            "dedicated_host_id": "",
            "disable_password_authentication": true,
            "encryption_at_host_enabled": false,
            "eviction_policy": "",
            "extensions_time_budget": "PT1H30M",
            "id": "/subscriptions/6695c113-e2f9-4d17-af9f-fa1d82b6a0be/resourceGroups/CTC_Resource_Group/providers/Microsoft.Compute/virtualMachines/LinuxVMSubnetThree",
            "identity": [],
            "license_type": "",
            "location": "eastus",
            "max_bid_price": -1,
            "name": "LinuxVMSubnetThree",
            "network_interface_ids": [
              "/subscriptions/6695c113-e2f9-4d17-af9f-fa1d82b6a0be/resourceGroups/CTC_Resource_Group/providers/Microsoft.Network/networkInterfaces/CTC_Network_Interface_VM_Three"
            ],
            "os_disk": [
              {
                "caching": "ReadWrite",
                "diff_disk_settings": [],
                "disk_encryption_set_id": "",
                "disk_size_gb": 64,
                "name": "LinuxVMSubnetThree_OsDisk_1_32ad39784c094be89100381e471b4ba5",
                "storage_account_type": "Standard_LRS",
                "write_accelerator_enabled": false
              }
            ],
            "patch_mode": "ImageDefault",
            "plan": [],
            "platform_fault_domain": -1,
            "priority": "Regular",
            "private_ip_address": "10.0.2.4",
            "private_ip_addresses": [
              "10.0.2.4"
            ],
            "provision_vm_agent": true,
            "proximity_placement_group_id": "",
            "public_ip_address": "20.124.228.86",
            "public_ip_addresses": [
              "20.124.228.86"
            ],
            "resource_group_name": "CTC_Resource_Group",
            "secret": [],
            "secure_boot_enabled": false,
            "size": "Standard_DS1_v2",
            "source_image_id": "",
            "source_image_reference": [
              {
                "offer": "RHEL",
                "publisher": "RedHat",
                "sku": "7.4",
                "version": "latest"
              }
            ],
            "tags": {},
            "timeouts": null,
            "user_data": "",
            "virtual_machine_id": "a9d68cdc-a56a-4d92-91e6-9c0596f0f888",
            "virtual_machine_scale_set_id": "",
            "vtpm_enabled": false,
            "zone": ""
          },
          "sensitive_attributes": [],
          "private": "eyJlMmJmYjczMC1lY2FhLTExZTYtOGY4OC0zNDM2M2JjN2M0YzAiOnsiY3JlYXRlIjoyNzAwMDAwMDAwMDAwLCJkZWxldGUiOjI3MDAwMDAwMDAwMDAsInJlYWQiOjMwMDAwMDAwMDAwMCwidXBkYXRlIjoyNzAwMDAwMDAwMDAwfX0=",
          "dependencies": [
            "azurerm_virtual_network.virtual_network",
            "module.subnet_components_three.azurerm_network_interface.network_interface",
            "module.subnet_components_three.azurerm_public_ip.access_public_ip",
            "module.subnet_components_three.azurerm_subnet.subnet_three",
            "azurerm_resource_group.resource_group"
          ]
        }
      ]
    },
    {
      "module": "module.subnet_components_three",
      "mode": "managed",
      "type": "azurerm_network_interface",
      "name": "network_interface",
      "provider": "provider[\"registry.terraform.io/hashicorp/azurerm\"]",
      "instances": [
        {
          "schema_version": 0,
          "attributes": {
            "applied_dns_servers": [],
            "dns_servers": [],
            "enable_accelerated_networking": false,
            "enable_ip_forwarding": false,
            "id": "/subscriptions/6695c113-e2f9-4d17-af9f-fa1d82b6a0be/resourceGroups/CTC_Resource_Group/providers/Microsoft.Network/networkInterfaces/CTC_Network_Interface_VM_Three",
            "internal_dns_name_label": "",
            "internal_domain_name_suffix": "fxtplqhg1nnejjua3qptxbb12a.bx.internal.cloudapp.net",
            "ip_configuration": [
              {
                "gateway_load_balancer_frontend_ip_configuration_id": "",
                "name": "Network_Interface_Subnet3",
                "primary": true,
                "private_ip_address": "10.0.2.4",
                "private_ip_address_allocation": "Dynamic",
                "private_ip_address_version": "IPv4",
                "public_ip_address_id": "/subscriptions/6695c113-e2f9-4d17-af9f-fa1d82b6a0be/resourceGroups/CTC_Resource_Group/providers/Microsoft.Network/publicIPAddresses/access_public_ip_Subnet_Three",
                "subnet_id": "/subscriptions/6695c113-e2f9-4d17-af9f-fa1d82b6a0be/resourceGroups/CTC_Resource_Group/providers/Microsoft.Network/virtualNetworks/CTC_VNet/subnets/Sub3"
              }
            ],
            "location": "eastus",
            "mac_address": "00-0D-3A-99-2F-64",
            "name": "CTC_Network_Interface_VM_Three",
            "private_ip_address": "10.0.2.4",
            "private_ip_addresses": [
              "10.0.2.4"
            ],
            "resource_group_name": "CTC_Resource_Group",
            "tags": {},
            "timeouts": null,
            "virtual_machine_id": "/subscriptions/6695c113-e2f9-4d17-af9f-fa1d82b6a0be/resourceGroups/CTC_Resource_Group/providers/Microsoft.Compute/virtualMachines/LinuxVMSubnetThree"
          },
          "sensitive_attributes": [],
          "private": "eyJlMmJmYjczMC1lY2FhLTExZTYtOGY4OC0zNDM2M2JjN2M0YzAiOnsiY3JlYXRlIjoxODAwMDAwMDAwMDAwLCJkZWxldGUiOjE4MDAwMDAwMDAwMDAsInJlYWQiOjMwMDAwMDAwMDAwMCwidXBkYXRlIjoxODAwMDAwMDAwMDAwfX0=",
          "dependencies": [
            "azurerm_resource_group.resource_group",
            "azurerm_virtual_network.virtual_network",
            "module.subnet_components_three.azurerm_public_ip.access_public_ip",
            "module.subnet_components_three.azurerm_subnet.subnet_three"
          ]
        }
      ]
    },
    {
      "module": "module.subnet_components_three",
      "mode": "managed",
      "type": "azurerm_network_interface_nat_rule_association",
      "name": "nat_rule_network_interface_assoc",
      "provider": "provider[\"registry.terraform.io/hashicorp/azurerm\"]",
      "instances": [
        {
          "schema_version": 0,
          "attributes": {
            "id": "/subscriptions/6695c113-e2f9-4d17-af9f-fa1d82b6a0be/resourceGroups/CTC_Resource_Group/providers/Microsoft.Network/networkInterfaces/CTC_Network_Interface_VM_Three/ipConfigurations/Network_Interface_Subnet3|/subscriptions/6695c113-e2f9-4d17-af9f-fa1d82b6a0be/resourceGroups/CTC_Resource_Group/providers/Microsoft.Network/loadBalancers/CTC_LoadBalancer/inboundNatRules/VM_Subnet_Three_Connect",
            "ip_configuration_name": "Network_Interface_Subnet3",
            "nat_rule_id": "/subscriptions/6695c113-e2f9-4d17-af9f-fa1d82b6a0be/resourceGroups/CTC_Resource_Group/providers/Microsoft.Network/loadBalancers/CTC_LoadBalancer/inboundNatRules/VM_Subnet_Three_Connect",
            "network_interface_id": "/subscriptions/6695c113-e2f9-4d17-af9f-fa1d82b6a0be/resourceGroups/CTC_Resource_Group/providers/Microsoft.Network/networkInterfaces/CTC_Network_Interface_VM_Three",
            "timeouts": null
          },
          "sensitive_attributes": [],
          "private": "eyJlMmJmYjczMC1lY2FhLTExZTYtOGY4OC0zNDM2M2JjN2M0YzAiOnsiY3JlYXRlIjoxODAwMDAwMDAwMDAwLCJkZWxldGUiOjE4MDAwMDAwMDAwMDAsInJlYWQiOjMwMDAwMDAwMDAwMCwidXBkYXRlIjoxODAwMDAwMDAwMDAwfX0=",
          "dependencies": [
            "azurerm_public_ip.public_ip",
            "azurerm_resource_group.resource_group",
            "azurerm_virtual_network.virtual_network",
            "module.subnet_components_three.azurerm_network_interface.network_interface",
            "module.subnet_components_three.azurerm_public_ip.access_public_ip",
            "module.subnet_components_three.azurerm_subnet.subnet_three",
            "azurerm_lb.load_balancer",
            "azurerm_lb_nat_rule.nat_rule"
          ]
        }
      ]
    },
    {
      "module": "module.subnet_components_three",
      "mode": "managed",
      "type": "azurerm_network_interface_security_group_association",
      "name": "network_interface_nsg_assoc",
      "provider": "provider[\"registry.terraform.io/hashicorp/azurerm\"]",
      "instances": [
        {
          "schema_version": 0,
          "attributes": {
            "id": "/subscriptions/6695c113-e2f9-4d17-af9f-fa1d82b6a0be/resourceGroups/CTC_Resource_Group/providers/Microsoft.Network/networkInterfaces/CTC_Network_Interface_VM_Three|/subscriptions/6695c113-e2f9-4d17-af9f-fa1d82b6a0be/resourceGroups/CTC_Resource_Group/providers/Microsoft.Network/networkSecurityGroups/Subnet3_VM_NSG",
            "network_interface_id": "/subscriptions/6695c113-e2f9-4d17-af9f-fa1d82b6a0be/resourceGroups/CTC_Resource_Group/providers/Microsoft.Network/networkInterfaces/CTC_Network_Interface_VM_Three",
            "network_security_group_id": "/subscriptions/6695c113-e2f9-4d17-af9f-fa1d82b6a0be/resourceGroups/CTC_Resource_Group/providers/Microsoft.Network/networkSecurityGroups/Subnet3_VM_NSG",
            "timeouts": null
          },
          "sensitive_attributes": [],
          "private": "eyJlMmJmYjczMC1lY2FhLTExZTYtOGY4OC0zNDM2M2JjN2M0YzAiOnsiY3JlYXRlIjoxODAwMDAwMDAwMDAwLCJkZWxldGUiOjE4MDAwMDAwMDAwMDAsInJlYWQiOjMwMDAwMDAwMDAwMCwidXBkYXRlIjoxODAwMDAwMDAwMDAwfX0=",
          "dependencies": [
            "module.subnet_components_three.azurerm_network_interface.network_interface",
            "module.subnet_components_three.azurerm_network_security_group.nsg",
            "module.subnet_components_three.azurerm_public_ip.access_public_ip",
            "module.subnet_components_three.azurerm_subnet.subnet_three",
            "azurerm_resource_group.resource_group",
            "azurerm_virtual_network.virtual_network"
          ]
        }
      ]
    },
    {
      "module": "module.subnet_components_three",
      "mode": "managed",
      "type": "azurerm_network_security_group",
      "name": "nsg",
      "provider": "provider[\"registry.terraform.io/hashicorp/azurerm\"]",
      "instances": [
        {
          "schema_version": 0,
          "attributes": {
            "id": "/subscriptions/6695c113-e2f9-4d17-af9f-fa1d82b6a0be/resourceGroups/CTC_Resource_Group/providers/Microsoft.Network/networkSecurityGroups/Subnet3_VM_NSG",
            "location": "eastus",
            "name": "Subnet3_VM_NSG",
            "resource_group_name": "CTC_Resource_Group",
            "security_rule": [
              {
                "access": "Allow",
                "description": "",
                "destination_address_prefix": "*",
                "destination_address_prefixes": [],
                "destination_application_security_group_ids": [],
                "destination_port_range": "22",
                "destination_port_ranges": [],
                "direction": "Inbound",
                "name": "ALB_VM_NSG_Three_RuleSSH",
                "priority": 103,
                "protocol": "TCP",
                "source_address_prefix": "*",
                "source_address_prefixes": [],
                "source_application_security_group_ids": [],
                "source_port_range": "*",
                "source_port_ranges": []
              },
              {
                "access": "Allow",
                "description": "",
                "destination_address_prefix": "*",
                "destination_address_prefixes": [],
                "destination_application_security_group_ids": [],
                "destination_port_range": "80",
                "destination_port_ranges": [],
                "direction": "Inbound",
                "name": "ALB_VM_NSG_Three_Rule",
                "priority": 102,
                "protocol": "TCP",
                "source_address_prefix": "*",
                "source_address_prefixes": [],
                "source_application_security_group_ids": [],
                "source_port_range": "*",
                "source_port_ranges": []
              }
            ],
            "tags": {},
            "timeouts": null
          },
          "sensitive_attributes": [],
          "private": "eyJlMmJmYjczMC1lY2FhLTExZTYtOGY4OC0zNDM2M2JjN2M0YzAiOnsiY3JlYXRlIjoxODAwMDAwMDAwMDAwLCJkZWxldGUiOjE4MDAwMDAwMDAwMDAsInJlYWQiOjMwMDAwMDAwMDAwMCwidXBkYXRlIjoxODAwMDAwMDAwMDAwfX0=",
          "dependencies": [
            "azurerm_resource_group.resource_group"
          ]
        }
      ]
    },
    {
      "module": "module.subnet_components_three",
      "mode": "managed",
      "type": "azurerm_network_security_rule",
      "name": "NSG_rule_ssh",
      "provider": "provider[\"registry.terraform.io/hashicorp/azurerm\"]",
      "instances": [
        {
          "schema_version": 0,
          "attributes": {
            "access": "Allow",
            "description": "",
            "destination_address_prefix": "*",
            "destination_address_prefixes": [],
            "destination_application_security_group_ids": [],
            "destination_port_range": "22",
            "destination_port_ranges": [],
            "direction": "Inbound",
            "id": "/subscriptions/6695c113-e2f9-4d17-af9f-fa1d82b6a0be/resourceGroups/CTC_Resource_Group/providers/Microsoft.Network/networkSecurityGroups/Subnet3_VM_NSG/securityRules/ALB_VM_NSG_Three_RuleSSH",
            "name": "ALB_VM_NSG_Three_RuleSSH",
            "network_security_group_name": "Subnet3_VM_NSG",
            "priority": 103,
            "protocol": "TCP",
            "resource_group_name": "CTC_Resource_Group",
            "source_address_prefix": "*",
            "source_address_prefixes": [],
            "source_application_security_group_ids": [],
            "source_port_range": "*",
            "source_port_ranges": [],
            "timeouts": null
          },
          "sensitive_attributes": [],
          "private": "eyJlMmJmYjczMC1lY2FhLTExZTYtOGY4OC0zNDM2M2JjN2M0YzAiOnsiY3JlYXRlIjoxODAwMDAwMDAwMDAwLCJkZWxldGUiOjE4MDAwMDAwMDAwMDAsInJlYWQiOjMwMDAwMDAwMDAwMCwidXBkYXRlIjoxODAwMDAwMDAwMDAwfX0=",
          "dependencies": [
            "azurerm_resource_group.resource_group",
            "module.subnet_components_three.azurerm_network_security_group.nsg"
          ]
        }
      ]
    },
    {
      "module": "module.subnet_components_three",
      "mode": "managed",
      "type": "azurerm_network_security_rule",
      "name": "nsg_rule_open",
      "provider": "provider[\"registry.terraform.io/hashicorp/azurerm\"]",
      "instances": [
        {
          "schema_version": 0,
          "attributes": {
            "access": "Allow",
            "description": "",
            "destination_address_prefix": "*",
            "destination_address_prefixes": [],
            "destination_application_security_group_ids": [],
            "destination_port_range": "80",
            "destination_port_ranges": [],
            "direction": "Inbound",
            "id": "/subscriptions/6695c113-e2f9-4d17-af9f-fa1d82b6a0be/resourceGroups/CTC_Resource_Group/providers/Microsoft.Network/networkSecurityGroups/Subnet3_VM_NSG/securityRules/ALB_VM_NSG_Three_Rule",
            "name": "ALB_VM_NSG_Three_Rule",
            "network_security_group_name": "Subnet3_VM_NSG",
            "priority": 102,
            "protocol": "TCP",
            "resource_group_name": "CTC_Resource_Group",
            "source_address_prefix": "*",
            "source_address_prefixes": [],
            "source_application_security_group_ids": [],
            "source_port_range": "*",
            "source_port_ranges": [],
            "timeouts": null
          },
          "sensitive_attributes": [],
          "private": "eyJlMmJmYjczMC1lY2FhLTExZTYtOGY4OC0zNDM2M2JjN2M0YzAiOnsiY3JlYXRlIjoxODAwMDAwMDAwMDAwLCJkZWxldGUiOjE4MDAwMDAwMDAwMDAsInJlYWQiOjMwMDAwMDAwMDAwMCwidXBkYXRlIjoxODAwMDAwMDAwMDAwfX0=",
          "dependencies": [
            "azurerm_resource_group.resource_group",
            "module.subnet_components_three.azurerm_network_security_group.nsg"
          ]
        }
      ]
    },
    {
      "module": "module.subnet_components_three",
      "mode": "managed",
      "type": "azurerm_network_security_rule",
      "name": "nsg_rule_ssh",
      "provider": "provider[\"registry.terraform.io/hashicorp/azurerm\"]",
      "instances": [
        {
          "schema_version": 0,
          "attributes": {
            "access": "Allow",
            "description": "",
            "destination_address_prefix": "*",
            "destination_address_prefixes": [],
            "destination_application_security_group_ids": [],
            "destination_port_range": "80",
            "destination_port_ranges": [],
            "direction": "Inbound",
            "id": "/subscriptions/6695c113-e2f9-4d17-af9f-fa1d82b6a0be/resourceGroups/CTC_Resource_Group/providers/Microsoft.Network/networkSecurityGroups/Subnet3_VM_NSG/securityRules/ALB_VM_NSG_Three_Rule",
            "name": "ALB_VM_NSG_Three_Rule",
            "network_security_group_name": "Subnet3_VM_NSG",
            "priority": 102,
            "protocol": "TCP",
            "resource_group_name": "CTC_Resource_Group",
            "source_address_prefix": "*",
            "source_address_prefixes": [],
            "source_application_security_group_ids": [],
            "source_port_range": "*",
            "source_port_ranges": [],
            "timeouts": null
          },
          "sensitive_attributes": [],
          "private": "eyJlMmJmYjczMC1lY2FhLTExZTYtOGY4OC0zNDM2M2JjN2M0YzAiOnsiY3JlYXRlIjoxODAwMDAwMDAwMDAwLCJkZWxldGUiOjE4MDAwMDAwMDAwMDAsInJlYWQiOjMwMDAwMDAwMDAwMCwidXBkYXRlIjoxODAwMDAwMDAwMDAwfX0=",
          "dependencies": [
            "azurerm_resource_group.resource_group",
            "module.subnet_components_three.azurerm_network_security_group.nsg"
          ]
        }
      ]
    },
    {
      "module": "module.subnet_components_three",
      "mode": "managed",
      "type": "azurerm_public_ip",
      "name": "access_public_ip",
      "provider": "provider[\"registry.terraform.io/hashicorp/azurerm\"]",
      "instances": [
        {
          "schema_version": 0,
          "attributes": {
            "allocation_method": "Dynamic",
            "availability_zone": "No-Zone",
            "domain_name_label": null,
            "fqdn": null,
            "id": "/subscriptions/6695c113-e2f9-4d17-af9f-fa1d82b6a0be/resourceGroups/CTC_Resource_Group/providers/Microsoft.Network/publicIPAddresses/access_public_ip_Subnet_Three",
            "idle_timeout_in_minutes": 4,
            "ip_address": "20.124.228.86",
            "ip_tags": {},
            "ip_version": "IPv4",
            "location": "eastus",
            "name": "access_public_ip_Subnet_Three",
            "public_ip_prefix_id": null,
            "resource_group_name": "CTC_Resource_Group",
            "reverse_fqdn": null,
            "sku": "Basic",
            "sku_tier": "Regional",
            "tags": {},
            "timeouts": null,
            "zones": []
          },
          "sensitive_attributes": [],
          "private": "eyJlMmJmYjczMC1lY2FhLTExZTYtOGY4OC0zNDM2M2JjN2M0YzAiOnsiY3JlYXRlIjoxODAwMDAwMDAwMDAwLCJkZWxldGUiOjE4MDAwMDAwMDAwMDAsInJlYWQiOjMwMDAwMDAwMDAwMCwidXBkYXRlIjoxODAwMDAwMDAwMDAwfX0=",
          "dependencies": [
            "azurerm_resource_group.resource_group"
          ]
        }
      ]
    },
    {
      "module": "module.subnet_components_three",
      "mode": "managed",
      "type": "azurerm_subnet",
      "name": "subnet_three",
      "provider": "provider[\"registry.terraform.io/hashicorp/azurerm\"]",
      "instances": [
        {
          "schema_version": 0,
          "attributes": {
            "address_prefix": "10.0.2.0/24",
            "address_prefixes": [
              "10.0.2.0/24"
            ],
            "delegation": [],
            "enforce_private_link_endpoint_network_policies": false,
            "enforce_private_link_service_network_policies": false,
            "id": "/subscriptions/6695c113-e2f9-4d17-af9f-fa1d82b6a0be/resourceGroups/CTC_Resource_Group/providers/Microsoft.Network/virtualNetworks/CTC_VNet/subnets/Sub3",
            "name": "Sub3",
            "resource_group_name": "CTC_Resource_Group",
            "service_endpoint_policy_ids": [],
            "service_endpoints": [
              "Microsoft.Storage"
            ],
            "timeouts": null,
            "virtual_network_name": "CTC_VNet"
          },
          "sensitive_attributes": [],
          "private": "eyJlMmJmYjczMC1lY2FhLTExZTYtOGY4OC0zNDM2M2JjN2M0YzAiOnsiY3JlYXRlIjoxODAwMDAwMDAwMDAwLCJkZWxldGUiOjE4MDAwMDAwMDAwMDAsInJlYWQiOjMwMDAwMDAwMDAwMCwidXBkYXRlIjoxODAwMDAwMDAwMDAwfX0=",
          "dependencies": [
            "azurerm_resource_group.resource_group",
            "azurerm_virtual_network.virtual_network"
          ]
        }
      ]
    }
  ]
}
